
Microsoft Visual Studio Solution File, Format Version 12.00
# Visual Studio Version 16
VisualStudioVersion = 16.0.29418.71
MinimumVisualStudioVersion = 10.0.40219.1
Project("{FAE04EC0-301F-11D3-BF4B-00C04F79EFBC}") = "WebApplication1", "WebApplication1\WebApplication1.csproj", "{19E528E3-1B0F-4F84-BA55-D97FE8719870}"
EndProject
Project("{FAE04EC0-301F-11D3-BF4B-00C04F79EFBC}") = "ScriptReference", "ScriptReference\ScriptReference.csproj", "{AEB7FA7B-F9E6-49C7-8D48-FED5EF18F3C2}"
EndProject
Global
	GlobalSection(SolutionConfigurationPlatforms) = preSolution
		Debug|Any CPU = Debug|Any CPU
		Release|Any CPU = Release|Any CPU
	EndGlobalSection
	GlobalSection(ProjectConfigurationPlatforms) = postSolution
		{19E528E3-1B0F-4F84-BA55-D97FE8719870}.Debug|Any CPU.ActiveCfg = Debug|Any CPU
		{19E528E3-1B0F-4F84-BA55-D97FE8719870}.Debug|Any CPU.Build.0 = Debug|Any CPU
		{19E528E3-1B0F-4F84-BA55-D97FE8719870}.Release|Any CPU.ActiveCfg = Release|Any CPU
		{19E528E3-1B0F-4F84-BA55-D97FE8719870}.Release|Any CPU.Build.0 = Release|Any CPU
		{AEB7FA7B-F9E6-49C7-8D48-FED5EF18F3C2}.Debug|Any CPU.ActiveCfg = Debug|Any CPU
		{AEB7FA7B-F9E6-49C7-8D48-FED5EF18F3C2}.Debug|Any CPU.Build.0 = Debug|Any CPU
		{AEB7FA7B-F9E6-49C7-8D48-FED5EF18F3C2}.Release|Any CPU.ActiveCfg = Release|Any CPU
		{AEB7FA7B-F9E6-49C7-8D48-FED5EF18F3C2}.Release|Any CPU.Build.0 = Release|Any CPU
	EndGlobalSection
	GlobalSection(SolutionProperties) = preSolution
		HideSolutionNode = FALSE
	EndGlobalSection
	GlobalSection(ExtensibilityGlobals) = postSolution
		SolutionGuid = {C341A7B5-FCE0-447D-B348-8723212AE384}
	EndGlobalSection
EndGlobal
